// !$*UTF8*$!
{
	archiveVersion = 1;
	classes = {
	};
	objectVersion = 56;
	objects = {

/* Begin PBXFileReference section */
		54061CA4294AE6E80091963B /* 2016년.playground */ = {isa = PBXFileReference; lastKnownFileType = file.playground; path = "2016년.playground"; sourceTree = "<group>"; xcLanguageSpecificationIdentifier = xcode.lang.swift; };
		54061CA7295051A20091963B /* 소수 찾기.playground */ = {isa = PBXFileReference; lastKnownFileType = file.playground; path = "소수 찾기.playground"; sourceTree = "<group>"; xcLanguageSpecificationIdentifier = xcode.lang.swift; };
		54061CA829533CA40091963B /* 소수 만들기.playground */ = {isa = PBXFileReference; lastKnownFileType = file.playground; path = "소수 만들기.playground"; sourceTree = "<group>"; xcLanguageSpecificationIdentifier = xcode.lang.swift; };
		540D9D0A2957686B00EACAC3 /* 콜라 문제.playground */ = {isa = PBXFileReference; lastKnownFileType = file.playground; path = "콜라 문제.playground"; sourceTree = "<group>"; xcLanguageSpecificationIdentifier = xcode.lang.swift; };
		540D9D0B29588E8900EACAC3 /* 크기가 작은 부분문자열.playground */ = {isa = PBXFileReference; lastKnownFileType = file.playground; path = "크기가 작은 부분문자열.playground"; sourceTree = "<group>"; xcLanguageSpecificationIdentifier = xcode.lang.swift; };
		5411B42D292F007900066890 /* 문자열 다루기 기본.playground */ = {isa = PBXFileReference; lastKnownFileType = file.playground; path = "문자열 다루기 기본.playground"; sourceTree = "<group>"; xcLanguageSpecificationIdentifier = xcode.lang.swift; };
		5411B42E292F044B00066890 /* 약수의 개수와 덧셈.playground */ = {isa = PBXFileReference; lastKnownFileType = file.playground; path = "약수의 개수와 덧셈.playground"; sourceTree = "<group>"; xcLanguageSpecificationIdentifier = xcode.lang.swift; };
		541B6644293C33B2000E8A89 /* 시저 암호.playground */ = {isa = PBXFileReference; lastKnownFileType = file.playground; path = "시저 암호.playground"; sourceTree = "<group>"; xcLanguageSpecificationIdentifier = xcode.lang.swift; };
		541B6649293D90AC000E8A89 /* 최소직사각형.playground */ = {isa = PBXFileReference; lastKnownFileType = file.playground; path = "최소직사각형.playground"; sourceTree = "<group>"; xcLanguageSpecificationIdentifier = xcode.lang.swift; };
		5423785129309392008135B6 /* 부족한 금액 계산하기.playground */ = {isa = PBXFileReference; lastKnownFileType = file.playground; path = "부족한 금액 계산하기.playground"; sourceTree = "<group>"; xcLanguageSpecificationIdentifier = xcode.lang.swift; };
		542378532930C54F008135B6 /* 행렬의 덧셈.playground */ = {isa = PBXFileReference; lastKnownFileType = file.playground; path = "행렬의 덧셈.playground"; sourceTree = "<group>"; xcLanguageSpecificationIdentifier = xcode.lang.swift; };
		54237854293219E3008135B6 /* 직사각형 별찍기.playground */ = {isa = PBXFileReference; lastKnownFileType = file.playground; path = "직사각형 별찍기.playground"; sourceTree = "<group>"; xcLanguageSpecificationIdentifier = xcode.lang.swift; };
		5423785629327121008135B6 /* 최대공약수와 최소공배수.playground */ = {isa = PBXFileReference; lastKnownFileType = file.playground; path = "최대공약수와 최소공배수.playground"; sourceTree = "<group>"; xcLanguageSpecificationIdentifier = xcode.lang.swift; };
		5424A3052938437A0085C977 /* 예산.playground */ = {isa = PBXFileReference; lastKnownFileType = file.playground; path = "예산.playground"; sourceTree = "<group>"; xcLanguageSpecificationIdentifier = xcode.lang.swift; };
		5433C0882926810100F1BB45 /* 나머지가 1이 되는 수 찾기.playground */ = {isa = PBXFileReference; lastKnownFileType = file.playground; path = "나머지가 1이 되는 수 찾기.playground"; sourceTree = "<group>"; xcLanguageSpecificationIdentifier = xcode.lang.swift; };
		5448FBA62935F57D0048059C /* 3진법 뒤집기.playground */ = {isa = PBXFileReference; lastKnownFileType = file.playground; path = "3진법 뒤집기.playground"; sourceTree = "<group>"; xcLanguageSpecificationIdentifier = xcode.lang.swift; };
		545AB65C292762DF00AD0A03 /* 두 정수 사이의 합.playground */ = {isa = PBXFileReference; lastKnownFileType = file.playground; path = "두 정수 사이의 합.playground"; sourceTree = "<group>"; xcLanguageSpecificationIdentifier = xcode.lang.swift; };
		547BE8712944CC8E005D40A2 /* 숫자 문자열과 영단어.playground */ = {isa = PBXFileReference; lastKnownFileType = file.playground; path = "숫자 문자열과 영단어.playground"; sourceTree = "<group>"; xcLanguageSpecificationIdentifier = xcode.lang.swift; };
		547BE874294623FB005D40A2 /* 삼총사.playground */ = {isa = PBXFileReference; lastKnownFileType = file.playground; path = "삼총사.playground"; sourceTree = "<group>"; xcLanguageSpecificationIdentifier = xcode.lang.swift; };
		547BE87629475646005D40A2 /* 두 개 뽑아서 더하기.playground */ = {isa = PBXFileReference; lastKnownFileType = file.playground; path = "두 개 뽑아서 더하기.playground"; sourceTree = "<group>"; xcLanguageSpecificationIdentifier = xcode.lang.swift; };
		5484BEA62922870100CC07A1 /* 정수 제곱근 판별.playground */ = {isa = PBXFileReference; lastKnownFileType = file.playground; path = "정수 제곱근 판별.playground"; sourceTree = "<group>"; xcLanguageSpecificationIdentifier = xcode.lang.swift; };
		5484BEA729237D0400CC07A1 /* 문자열 내 p와 y의 개수.playground */ = {isa = PBXFileReference; lastKnownFileType = file.playground; path = "문자열 내 p와 y의 개수.playground"; sourceTree = "<group>"; xcLanguageSpecificationIdentifier = xcode.lang.swift; };
		5484BEA82923E53600CC07A1 /* 문자열을 정수로 바꾸기.playground */ = {isa = PBXFileReference; lastKnownFileType = file.playground; path = "문자열을 정수로 바꾸기.playground"; sourceTree = "<group>"; xcLanguageSpecificationIdentifier = xcode.lang.swift; };
		5484BEA92923E7A900CC07A1 /* 하샤드 수.playground */ = {isa = PBXFileReference; lastKnownFileType = file.playground; path = "하샤드 수.playground"; sourceTree = "<group>"; xcLanguageSpecificationIdentifier = xcode.lang.swift; };
		5484BEAA2923EA0D00CC07A1 /* 정수 내림차순으로 배치하기.playground */ = {isa = PBXFileReference; lastKnownFileType = file.playground; path = "정수 내림차순으로 배치하기.playground"; sourceTree = "<group>"; xcLanguageSpecificationIdentifier = xcode.lang.swift; };
		549AB674292B5AB600838CAE /* 음양 더하기.playground */ = {isa = PBXFileReference; lastKnownFileType = file.playground; path = "음양 더하기.playground"; sourceTree = "<group>"; xcLanguageSpecificationIdentifier = xcode.lang.swift; };
		549AB675292B600600838CAE /* 없는 숫자 더하기.playground */ = {isa = PBXFileReference; lastKnownFileType = file.playground; path = "없는 숫자 더하기.playground"; sourceTree = "<group>"; xcLanguageSpecificationIdentifier = xcode.lang.swift; };
		549AB67A292C597500838CAE /* 가운데 글자 가져오기.playground */ = {isa = PBXFileReference; lastKnownFileType = file.playground; path = "가운데 글자 가져오기.playground"; sourceTree = "<group>"; xcLanguageSpecificationIdentifier = xcode.lang.swift; };
		549AB67B292C62B600838CAE /* 수박수박수박수박수박수?.playground */ = {isa = PBXFileReference; lastKnownFileType = file.playground; path = "수박수박수박수박수박수?.playground"; sourceTree = "<group>"; xcLanguageSpecificationIdentifier = xcode.lang.swift; };
		549AB67C292D227000838CAE /* 내적.playground */ = {isa = PBXFileReference; lastKnownFileType = file.playground; path = "내적.playground"; sourceTree = "<group>"; xcLanguageSpecificationIdentifier = xcode.lang.swift; };
		549AB67D292E111400838CAE /* 문자열 내림차순으로 배치하기.playground */ = {isa = PBXFileReference; lastKnownFileType = file.playground; path = "문자열 내림차순으로 배치하기.playground"; sourceTree = "<group>"; xcLanguageSpecificationIdentifier = xcode.lang.swift; };
		549C7BC0292A04F300FC43DB /* 나누어 떨어지는 숫자 배열.playground */ = {isa = PBXFileReference; lastKnownFileType = file.playground; path = "나누어 떨어지는 숫자 배열.playground"; sourceTree = "<group>"; xcLanguageSpecificationIdentifier = xcode.lang.swift; };
		549C7BC1292A308E00FC43DB /* 제일 작은 수 제거하기.playground */ = {isa = PBXFileReference; lastKnownFileType = file.playground; path = "제일 작은 수 제거하기.playground"; sourceTree = "<group>"; xcLanguageSpecificationIdentifier = xcode.lang.swift; };
		54B3348629267E1F008DCA72 /* x만큼 간격이 있는 n개의 숫자.playground */ = {isa = PBXFileReference; lastKnownFileType = file.playground; path = "x만큼 간격이 있는 n개의 숫자.playground"; sourceTree = "<group>"; xcLanguageSpecificationIdentifier = xcode.lang.swift; };
		54C3417B29351C140027183B /* 이상한 문자 만들기.playground */ = {isa = PBXFileReference; lastKnownFileType = file.playground; path = "이상한 문자 만들기.playground"; sourceTree = "<group>"; xcLanguageSpecificationIdentifier = xcode.lang.swift; };
		54C55A42293F72BA00A7690E /* [1차] 비밀지도.playground */ = {isa = PBXFileReference; lastKnownFileType = file.playground; path = "[1차] 비밀지도.playground"; sourceTree = "<group>"; xcLanguageSpecificationIdentifier = xcode.lang.swift; };
		54C55A752941DCD000A7690E /* 문자열 내 마음대로 정렬하기.playground */ = {isa = PBXFileReference; lastKnownFileType = file.playground; path = "문자열 내 마음대로 정렬하기.playground"; sourceTree = "<group>"; xcLanguageSpecificationIdentifier = xcode.lang.swift; };
		54C55A9F2943817500A7690E /* K번째수.playground */ = {isa = PBXFileReference; lastKnownFileType = file.playground; path = "K번째수.playground"; sourceTree = "<group>"; xcLanguageSpecificationIdentifier = xcode.lang.swift; };
		54D4DABC2927EC9B00F2E33E /* 콜라츠 추측 .playground */ = {isa = PBXFileReference; lastKnownFileType = file.playground; path = "콜라츠 추측 .playground"; sourceTree = "<group>"; xcLanguageSpecificationIdentifier = xcode.lang.swift; };
		54D4DABD2927F42A00F2E33E /* 서울에서 김서방 찾기.playground */ = {isa = PBXFileReference; lastKnownFileType = file.playground; path = "서울에서 김서방 찾기.playground"; sourceTree = "<group>"; xcLanguageSpecificationIdentifier = xcode.lang.swift; };
		54D4DABE2928C1DF00F2E33E /* 핸드폰 번호 가리기.playground */ = {isa = PBXFileReference; lastKnownFileType = file.playground; path = "핸드폰 번호 가리기.playground"; sourceTree = "<group>"; xcLanguageSpecificationIdentifier = xcode.lang.swift; };
		54D97FA22954D22100EEDD88 /* 모의고사.playground */ = {isa = PBXFileReference; lastKnownFileType = file.playground; path = "모의고사.playground"; sourceTree = "<group>"; xcLanguageSpecificationIdentifier = xcode.lang.swift; };
		54F14508291FE58E00AD17D3 /* 약수의 합.playground */ = {isa = PBXFileReference; lastKnownFileType = file.playground; path = "약수의 합.playground"; sourceTree = "<group>"; xcLanguageSpecificationIdentifier = xcode.lang.swift; };
		54FC84322921238C00BE7B90 /* 자연수 뒤집어 배열로 만들기.playground */ = {isa = PBXFileReference; lastKnownFileType = file.playground; path = "자연수 뒤집어 배열로 만들기.playground"; sourceTree = "<group>"; xcLanguageSpecificationIdentifier = xcode.lang.swift; };
/* End PBXFileReference section */

/* Begin PBXGroup section */
		54F14501291FE54F00AD17D3 = {
			isa = PBXGroup;
			children = (
				540D9D0B29588E8900EACAC3 /* 크기가 작은 부분문자열.playground */,
				540D9D0A2957686B00EACAC3 /* 콜라 문제.playground */,
				54D97FA22954D22100EEDD88 /* 모의고사.playground */,
				54061CA829533CA40091963B /* 소수 만들기.playground */,
				54061CA7295051A20091963B /* 소수 찾기.playground */,
				54061CA4294AE6E80091963B /* 2016년.playground */,
				547BE87629475646005D40A2 /* 두 개 뽑아서 더하기.playground */,
				547BE874294623FB005D40A2 /* 삼총사.playground */,
				547BE8712944CC8E005D40A2 /* 숫자 문자열과 영단어.playground */,
				54C55A9F2943817500A7690E /* K번째수.playground */,
				54C55A752941DCD000A7690E /* 문자열 내 마음대로 정렬하기.playground */,
				54C55A42293F72BA00A7690E /* [1차] 비밀지도.playground */,
				541B6649293D90AC000E8A89 /* 최소직사각형.playground */,
				541B6644293C33B2000E8A89 /* 시저 암호.playground */,
				5424A3052938437A0085C977 /* 예산.playground */,
				5448FBA62935F57D0048059C /* 3진법 뒤집기.playground */,
				54C3417B29351C140027183B /* 이상한 문자 만들기.playground */,
				5423785629327121008135B6 /* 최대공약수와 최소공배수.playground */,
				54237854293219E3008135B6 /* 직사각형 별찍기.playground */,
				542378532930C54F008135B6 /* 행렬의 덧셈.playground */,
				5423785129309392008135B6 /* 부족한 금액 계산하기.playground */,
				5411B42E292F044B00066890 /* 약수의 개수와 덧셈.playground */,
				5411B42D292F007900066890 /* 문자열 다루기 기본.playground */,
				549AB67D292E111400838CAE /* 문자열 내림차순으로 배치하기.playground */,
				549AB67C292D227000838CAE /* 내적.playground */,
				549AB67B292C62B600838CAE /* 수박수박수박수박수박수?.playground */,
				549AB67A292C597500838CAE /* 가운데 글자 가져오기.playground */,
				549AB675292B600600838CAE /* 없는 숫자 더하기.playground */,
				549AB674292B5AB600838CAE /* 음양 더하기.playground */,
				549C7BC1292A308E00FC43DB /* 제일 작은 수 제거하기.playground */,
				549C7BC0292A04F300FC43DB /* 나누어 떨어지는 숫자 배열.playground */,
				54D4DABE2928C1DF00F2E33E /* 핸드폰 번호 가리기.playground */,
				54D4DABD2927F42A00F2E33E /* 서울에서 김서방 찾기.playground */,
				54D4DABC2927EC9B00F2E33E /* 콜라츠 추측 .playground */,
				545AB65C292762DF00AD0A03 /* 두 정수 사이의 합.playground */,
				5433C0882926810100F1BB45 /* 나머지가 1이 되는 수 찾기.playground */,
				54B3348629267E1F008DCA72 /* x만큼 간격이 있는 n개의 숫자.playground */,
				5484BEAA2923EA0D00CC07A1 /* 정수 내림차순으로 배치하기.playground */,
				5484BEA92923E7A900CC07A1 /* 하샤드 수.playground */,
				5484BEA82923E53600CC07A1 /* 문자열을 정수로 바꾸기.playground */,
				5484BEA729237D0400CC07A1 /* 문자열 내 p와 y의 개수.playground */,
				5484BEA62922870100CC07A1 /* 정수 제곱근 판별.playground */,
				54FC84322921238C00BE7B90 /* 자연수 뒤집어 배열로 만들기.playground */,
				54F14508291FE58E00AD17D3 /* 약수의 합.playground */,
			);
			sourceTree = "<group>";
		};
/* End PBXGroup section */

/* Begin PBXProject section */
		54F14502291FE54F00AD17D3 /* Project object */ = {
			isa = PBXProject;
			attributes = {
				BuildIndependentTargetsInParallel = 1;
				LastUpgradeCheck = 1400;
			};
			buildConfigurationList = 54F14505291FE54F00AD17D3 /* Build configuration list for PBXProject "level - 1" */;
			compatibilityVersion = "Xcode 14.0";
			developmentRegion = en;
			hasScannedForEncodings = 0;
			knownRegions = (
				en,
				Base,
			);
			mainGroup = 54F14501291FE54F00AD17D3;
			projectDirPath = "";
			projectRoot = "";
			targets = (
			);
		};
/* End PBXProject section */

/* Begin XCBuildConfiguration section */
		54F14506291FE54F00AD17D3 /* Debug */ = {
			isa = XCBuildConfiguration;
			buildSettings = {
			};
			name = Debug;
		};
		54F14507291FE54F00AD17D3 /* Release */ = {
			isa = XCBuildConfiguration;
			buildSettings = {
			};
			name = Release;
		};
/* End XCBuildConfiguration section */

/* Begin XCConfigurationList section */
		54F14505291FE54F00AD17D3 /* Build configuration list for PBXProject "level - 1" */ = {
			isa = XCConfigurationList;
			buildConfigurations = (
				54F14506291FE54F00AD17D3 /* Debug */,
				54F14507291FE54F00AD17D3 /* Release */,
			);
			defaultConfigurationIsVisible = 0;
			defaultConfigurationName = Release;
		};
/* End XCConfigurationList section */
	};
	rootObject = 54F14502291FE54F00AD17D3 /* Project object */;
}
