// !$*UTF8*$!
{
	archiveVersion = 1;
	classes = {
	};
	objectVersion = 56;
	objects = {

/* Begin PBXFileReference section */
		5415B81329697BD900F95204 /* 다음 큰 숫자.playground */ = {isa = PBXFileReference; lastKnownFileType = file.playground; path = "다음 큰 숫자.playground"; sourceTree = "<group>"; xcLanguageSpecificationIdentifier = xcode.lang.swift; };
		543FC2522967165200A5230F /* 이진 변환 반복하기.playground */ = {isa = PBXFileReference; lastKnownFileType = file.playground; path = "이진 변환 반복하기.playground"; sourceTree = "<group>"; xcLanguageSpecificationIdentifier = xcode.lang.swift; };
		543FC25329684D3100A5230F /* 피보나치 수.playground */ = {isa = PBXFileReference; lastKnownFileType = file.playground; path = "피보나치 수.playground"; sourceTree = "<group>"; xcLanguageSpecificationIdentifier = xcode.lang.swift; };
		54B6C59F295F136300493395 /* 최댓값과 최솟값.playground */ = {isa = PBXFileReference; lastKnownFileType = file.playground; path = "최댓값과 최솟값.playground"; sourceTree = "<group>"; xcLanguageSpecificationIdentifier = xcode.lang.swift; };
		54B6C5A02960149200493395 /* 최솟값 만들기.playground */ = {isa = PBXFileReference; lastKnownFileType = file.playground; path = "최솟값 만들기.playground"; sourceTree = "<group>"; xcLanguageSpecificationIdentifier = xcode.lang.swift; };
		54B6C5A22962FE0100493395 /* JadenCase 문자열 만들기.playground */ = {isa = PBXFileReference; lastKnownFileType = file.playground; path = "JadenCase 문자열 만들기.playground"; sourceTree = "<group>"; xcLanguageSpecificationIdentifier = xcode.lang.swift; };
		54CBA2B1296B2E4400454936 /* 짝지어 제거하기.playground */ = {isa = PBXFileReference; lastKnownFileType = file.playground; path = "짝지어 제거하기.playground"; sourceTree = "<group>"; xcLanguageSpecificationIdentifier = xcode.lang.swift; };
		54CBA2B2296B393D00454936 /* 올바른 괄호.playground */ = {isa = PBXFileReference; lastKnownFileType = file.playground; path = "올바른 괄호.playground"; sourceTree = "<group>"; xcLanguageSpecificationIdentifier = xcode.lang.swift; };
/* End PBXFileReference section */

/* Begin PBXGroup section */
		54B6C598295F135200493395 = {
			isa = PBXGroup;
			children = (
				54CBA2B2296B393D00454936 /* 올바른 괄호.playground */,
				54CBA2B1296B2E4400454936 /* 짝지어 제거하기.playground */,
				5415B81329697BD900F95204 /* 다음 큰 숫자.playground */,
				543FC25329684D3100A5230F /* 피보나치 수.playground */,
				543FC2522967165200A5230F /* 이진 변환 반복하기.playground */,
				54B6C5A22962FE0100493395 /* JadenCase 문자열 만들기.playground */,
				54B6C5A02960149200493395 /* 최솟값 만들기.playground */,
				54B6C59F295F136300493395 /* 최댓값과 최솟값.playground */,
			);
			sourceTree = "<group>";
		};
/* End PBXGroup section */

/* Begin PBXProject section */
		54B6C599295F135200493395 /* Project object */ = {
			isa = PBXProject;
			attributes = {
				BuildIndependentTargetsInParallel = 1;
				LastUpgradeCheck = 1400;
			};
			buildConfigurationList = 54B6C59C295F135200493395 /* Build configuration list for PBXProject "level-2" */;
			compatibilityVersion = "Xcode 14.0";
			developmentRegion = en;
			hasScannedForEncodings = 0;
			knownRegions = (
				en,
				Base,
			);
			mainGroup = 54B6C598295F135200493395;
			projectDirPath = "";
			projectRoot = "";
			targets = (
			);
		};
/* End PBXProject section */

/* Begin XCBuildConfiguration section */
		54B6C59D295F135200493395 /* Debug */ = {
			isa = XCBuildConfiguration;
			buildSettings = {
			};
			name = Debug;
		};
		54B6C59E295F135200493395 /* Release */ = {
			isa = XCBuildConfiguration;
			buildSettings = {
			};
			name = Release;
		};
/* End XCBuildConfiguration section */

/* Begin XCConfigurationList section */
		54B6C59C295F135200493395 /* Build configuration list for PBXProject "level-2" */ = {
			isa = XCConfigurationList;
			buildConfigurations = (
				54B6C59D295F135200493395 /* Debug */,
				54B6C59E295F135200493395 /* Release */,
			);
			defaultConfigurationIsVisible = 0;
			defaultConfigurationName = Release;
		};
/* End XCConfigurationList section */
	};
	rootObject = 54B6C599295F135200493395 /* Project object */;
}
