// !$*UTF8*$!
{
	archiveVersion = 1;
	classes = {
	};
	objectVersion = 56;
	objects = {

/* Begin PBXFileReference section */
		54B6C59F295F136300493395 /* 최댓값과 최솟값.playground */ = {isa = PBXFileReference; lastKnownFileType = file.playground; path = "최댓값과 최솟값.playground"; sourceTree = "<group>"; xcLanguageSpecificationIdentifier = xcode.lang.swift; };
		54B6C5A02960149200493395 /* 최솟값 만들기.playground */ = {isa = PBXFileReference; lastKnownFileType = file.playground; path = "최솟값 만들기.playground"; sourceTree = "<group>"; xcLanguageSpecificationIdentifier = xcode.lang.swift; };
/* End PBXFileReference section */

/* Begin PBXGroup section */
		54B6C598295F135200493395 = {
			isa = PBXGroup;
			children = (
				54B6C5A02960149200493395 /* 최솟값 만들기.playground */,
				54B6C59F295F136300493395 /* 최댓값과 최솟값.playground */,
			);
			sourceTree = "<group>";
		};
/* End PBXGroup section */

/* Begin PBXProject section */
		54B6C599295F135200493395 /* Project object */ = {
			isa = PBXProject;
			attributes = {
				BuildIndependentTargetsInParallel = 1;
				LastUpgradeCheck = 1400;
			};
			buildConfigurationList = 54B6C59C295F135200493395 /* Build configuration list for PBXProject "level-2" */;
			compatibilityVersion = "Xcode 14.0";
			developmentRegion = en;
			hasScannedForEncodings = 0;
			knownRegions = (
				en,
				Base,
			);
			mainGroup = 54B6C598295F135200493395;
			projectDirPath = "";
			projectRoot = "";
			targets = (
			);
		};
/* End PBXProject section */

/* Begin XCBuildConfiguration section */
		54B6C59D295F135200493395 /* Debug */ = {
			isa = XCBuildConfiguration;
			buildSettings = {
			};
			name = Debug;
		};
		54B6C59E295F135200493395 /* Release */ = {
			isa = XCBuildConfiguration;
			buildSettings = {
			};
			name = Release;
		};
/* End XCBuildConfiguration section */

/* Begin XCConfigurationList section */
		54B6C59C295F135200493395 /* Build configuration list for PBXProject "level-2" */ = {
			isa = XCConfigurationList;
			buildConfigurations = (
				54B6C59D295F135200493395 /* Debug */,
				54B6C59E295F135200493395 /* Release */,
			);
			defaultConfigurationIsVisible = 0;
			defaultConfigurationName = Release;
		};
/* End XCConfigurationList section */
	};
	rootObject = 54B6C599295F135200493395 /* Project object */;
}
