// !$*UTF8*$!
{
	archiveVersion = 1;
	classes = {
	};
	objectVersion = 56;
	objects = {

/* Begin PBXFileReference section */
		54F14508291FE58E00AD17D3 /* 약수의 합.playground */ = {isa = PBXFileReference; lastKnownFileType = file.playground; path = "약수의 합.playground"; sourceTree = "<group>"; xcLanguageSpecificationIdentifier = xcode.lang.swift; };
/* End PBXFileReference section */

/* Begin PBXGroup section */
		54F14501291FE54F00AD17D3 = {
			isa = PBXGroup;
			children = (
				54F14508291FE58E00AD17D3 /* 약수의 합.playground */,
			);
			sourceTree = "<group>";
		};
/* End PBXGroup section */

/* Begin PBXProject section */
		54F14502291FE54F00AD17D3 /* Project object */ = {
			isa = PBXProject;
			attributes = {
				BuildIndependentTargetsInParallel = 1;
				LastUpgradeCheck = 1400;
			};
			buildConfigurationList = 54F14505291FE54F00AD17D3 /* Build configuration list for PBXProject "level - 1" */;
			compatibilityVersion = "Xcode 14.0";
			developmentRegion = en;
			hasScannedForEncodings = 0;
			knownRegions = (
				en,
				Base,
			);
			mainGroup = 54F14501291FE54F00AD17D3;
			projectDirPath = "";
			projectRoot = "";
			targets = (
			);
		};
/* End PBXProject section */

/* Begin XCBuildConfiguration section */
		54F14506291FE54F00AD17D3 /* Debug */ = {
			isa = XCBuildConfiguration;
			buildSettings = {
			};
			name = Debug;
		};
		54F14507291FE54F00AD17D3 /* Release */ = {
			isa = XCBuildConfiguration;
			buildSettings = {
			};
			name = Release;
		};
/* End XCBuildConfiguration section */

/* Begin XCConfigurationList section */
		54F14505291FE54F00AD17D3 /* Build configuration list for PBXProject "level - 1" */ = {
			isa = XCConfigurationList;
			buildConfigurations = (
				54F14506291FE54F00AD17D3 /* Debug */,
				54F14507291FE54F00AD17D3 /* Release */,
			);
			defaultConfigurationIsVisible = 0;
			defaultConfigurationName = Release;
		};
/* End XCConfigurationList section */
	};
	rootObject = 54F14502291FE54F00AD17D3 /* Project object */;
}
